// !$*UTF8*$!
{
	archiveVersion = 1;
	classes = {
	};
	objectVersion = 46;
	objects = {

/* Begin PBXBuildFile section */
		1A2B7C711E3113B400A5E6CD /* AppDelegate.swift in Sources */ = {isa = PBXBuildFile; fileRef = 1A2B7C701E3113B400A5E6CD /* AppDelegate.swift */; };
		1A2B7C731E3113B400A5E6CD /* ViewController.swift in Sources */ = {isa = PBXBuildFile; fileRef = 1A2B7C721E3113B400A5E6CD /* ViewController.swift */; };
		1A2B7C761E3113B400A5E6CD /* Main.storyboard in Resources */ = {isa = PBXBuildFile; fileRef = 1A2B7C741E3113B400A5E6CD /* Main.storyboard */; };
		1A2B7C781E3113B400A5E6CD /* Assets.xcassets in Resources */ = {isa = PBXBuildFile; fileRef = 1A2B7C771E3113B400A5E6CD /* Assets.xcassets */; };
		1A2B7C7B1E3113B400A5E6CD /* LaunchScreen.storyboard in Resources */ = {isa = PBXBuildFile; fileRef = 1A2B7C791E3113B400A5E6CD /* LaunchScreen.storyboard */; };
		1A2B7C831E3114C100A5E6CD /* Cell.swift in Sources */ = {isa = PBXBuildFile; fileRef = 1A2B7C821E3114C100A5E6CD /* Cell.swift */; };
		1A2B7C851E311B3D00A5E6CD /* World.swift in Sources */ = {isa = PBXBuildFile; fileRef = 1A2B7C841E311B3D00A5E6CD /* World.swift */; };
		1A61A6241E31A3BA00E214C0 /* Renderable.swift in Sources */ = {isa = PBXBuildFile; fileRef = 1A61A6231E31A3BA00E214C0 /* Renderable.swift */; };
/* End PBXBuildFile section */

/* Begin PBXFileReference section */
		1A2B7C6D1E3113B400A5E6CD /* Game of Life.app */ = {isa = PBXFileReference; explicitFileType = wrapper.application; includeInIndex = 0; path = "Game of Life.app"; sourceTree = BUILT_PRODUCTS_DIR; };
		1A2B7C701E3113B400A5E6CD /* AppDelegate.swift */ = {isa = PBXFileReference; lastKnownFileType = sourcecode.swift; path = AppDelegate.swift; sourceTree = "<group>"; };
		1A2B7C721E3113B400A5E6CD /* ViewController.swift */ = {isa = PBXFileReference; lastKnownFileType = sourcecode.swift; path = ViewController.swift; sourceTree = "<group>"; };
		1A2B7C751E3113B400A5E6CD /* Base */ = {isa = PBXFileReference; lastKnownFileType = file.storyboard; name = Base; path = Base.lproj/Main.storyboard; sourceTree = "<group>"; };
		1A2B7C771E3113B400A5E6CD /* Assets.xcassets */ = {isa = PBXFileReference; lastKnownFileType = folder.assetcatalog; path = Assets.xcassets; sourceTree = "<group>"; };
		1A2B7C7A1E3113B400A5E6CD /* Base */ = {isa = PBXFileReference; lastKnownFileType = file.storyboard; name = Base; path = Base.lproj/LaunchScreen.storyboard; sourceTree = "<group>"; };
		1A2B7C7C1E3113B400A5E6CD /* Info.plist */ = {isa = PBXFileReference; lastKnownFileType = text.plist.xml; path = Info.plist; sourceTree = "<group>"; };
		1A2B7C821E3114C100A5E6CD /* Cell.swift */ = {isa = PBXFileReference; fileEncoding = 4; lastKnownFileType = sourcecode.swift; path = Cell.swift; sourceTree = "<group>"; };
		1A2B7C841E311B3D00A5E6CD /* World.swift */ = {isa = PBXFileReference; fileEncoding = 4; lastKnownFileType = sourcecode.swift; path = World.swift; sourceTree = "<group>"; };
		1A61A6231E31A3BA00E214C0 /* Renderable.swift */ = {isa = PBXFileReference; fileEncoding = 4; lastKnownFileType = sourcecode.swift; path = Renderable.swift; sourceTree = "<group>"; };
/* End PBXFileReference section */

/* Begin PBXFrameworksBuildPhase section */
		1A2B7C6A1E3113B400A5E6CD /* Frameworks */ = {
			isa = PBXFrameworksBuildPhase;
			buildActionMask = 2147483647;
			files = (
			);
			runOnlyForDeploymentPostprocessing = 0;
		};
/* End PBXFrameworksBuildPhase section */

/* Begin PBXGroup section */
		1A2B7C641E3113B400A5E6CD = {
			isa = PBXGroup;
			children = (
				1A2B7C6F1E3113B400A5E6CD /* Game of Life */,
				1A2B7C6E1E3113B400A5E6CD /* Products */,
			);
			sourceTree = "<group>";
		};
		1A2B7C6E1E3113B400A5E6CD /* Products */ = {
			isa = PBXGroup;
			children = (
				1A2B7C6D1E3113B400A5E6CD /* Game of Life.app */,
			);
			name = Products;
			sourceTree = "<group>";
		};
		1A2B7C6F1E3113B400A5E6CD /* Game of Life */ = {
			isa = PBXGroup;
			children = (
				1A2B7C701E3113B400A5E6CD /* AppDelegate.swift */,
				1A2B7C821E3114C100A5E6CD /* Cell.swift */,
				1A2B7C841E311B3D00A5E6CD /* World.swift */,
				1A61A6231E31A3BA00E214C0 /* Renderable.swift */,
				1A2B7C721E3113B400A5E6CD /* ViewController.swift */,
				1A2B7C741E3113B400A5E6CD /* Main.storyboard */,
				1A2B7C771E3113B400A5E6CD /* Assets.xcassets */,
				1A2B7C791E3113B400A5E6CD /* LaunchScreen.storyboard */,
				1A2B7C7C1E3113B400A5E6CD /* Info.plist */,
			);
			path = "Game of Life";
			sourceTree = "<group>";
		};
/* End PBXGroup section */

/* Begin PBXNativeTarget section */
		1A2B7C6C1E3113B400A5E6CD /* Game of Life */ = {
			isa = PBXNativeTarget;
			buildConfigurationList = 1A2B7C7F1E3113B400A5E6CD /* Build configuration list for PBXNativeTarget "Game of Life" */;
			buildPhases = (
				1A2B7C691E3113B400A5E6CD /* Sources */,
				1A2B7C6A1E3113B400A5E6CD /* Frameworks */,
				1A2B7C6B1E3113B400A5E6CD /* Resources */,
			);
			buildRules = (
			);
			dependencies = (
			);
			name = "Game of Life";
			productName = "Game of Life";
			productReference = 1A2B7C6D1E3113B400A5E6CD /* Game of Life.app */;
			productType = "com.apple.product-type.application";
		};
/* End PBXNativeTarget section */

/* Begin PBXProject section */
		1A2B7C651E3113B400A5E6CD /* Project object */ = {
			isa = PBXProject;
			attributes = {
				LastSwiftUpdateCheck = 0820;
				LastUpgradeCheck = 0820;
				ORGANIZATIONNAME = Loki;
				TargetAttributes = {
					1A2B7C6C1E3113B400A5E6CD = {
						CreatedOnToolsVersion = 8.2.1;
						DevelopmentTeam = 4N89WQUHNU;
						ProvisioningStyle = Automatic;
					};
				};
			};
			buildConfigurationList = 1A2B7C681E3113B400A5E6CD /* Build configuration list for PBXProject "Game of Life" */;
			compatibilityVersion = "Xcode 3.2";
			developmentRegion = English;
			hasScannedForEncodings = 0;
			knownRegions = (
				en,
				Base,
			);
			mainGroup = 1A2B7C641E3113B400A5E6CD;
			productRefGroup = 1A2B7C6E1E3113B400A5E6CD /* Products */;
			projectDirPath = "";
			projectRoot = "";
			targets = (
				1A2B7C6C1E3113B400A5E6CD /* Game of Life */,
			);
		};
/* End PBXProject section */

/* Begin PBXResourcesBuildPhase section */
		1A2B7C6B1E3113B400A5E6CD /* Resources */ = {
			isa = PBXResourcesBuildPhase;
			buildActionMask = 2147483647;
			files = (
				1A2B7C7B1E3113B400A5E6CD /* LaunchScreen.storyboard in Resources */,
				1A2B7C781E3113B400A5E6CD /* Assets.xcassets in Resources */,
				1A2B7C761E3113B400A5E6CD /* Main.storyboard in Resources */,
			);
			runOnlyForDeploymentPostprocessing = 0;
		};
/* End PBXResourcesBuildPhase section */

/* Begin PBXSourcesBuildPhase section */
		1A2B7C691E3113B400A5E6CD /* Sources */ = {
			isa = PBXSourcesBuildPhase;
			buildActionMask = 2147483647;
			files = (
				1A2B7C731E3113B400A5E6CD /* ViewController.swift in Sources */,
				1A2B7C711E3113B400A5E6CD /* AppDelegate.swift in Sources */,
				1A2B7C851E311B3D00A5E6CD /* World.swift in Sources */,
				1A61A6241E31A3BA00E214C0 /* Renderable.swift in Sources */,
				1A2B7C831E3114C100A5E6CD /* Cell.swift in Sources */,
			);
			runOnlyForDeploymentPostprocessing = 0;
		};
/* End PBXSourcesBuildPhase section */

/* Begin PBXVariantGroup section */
		1A2B7C741E3113B400A5E6CD /* Main.storyboard */ = {
			isa = PBXVariantGroup;
			children = (
				1A2B7C751E3113B400A5E6CD /* Base */,
			);
			name = Main.storyboard;
			sourceTree = "<group>";
		};
		1A2B7C791E3113B400A5E6CD /* LaunchScreen.storyboard */ = {
			isa = PBXVariantGroup;
			children = (
				1A2B7C7A1E3113B400A5E6CD /* Base */,
			);
			name = LaunchScreen.storyboard;
			sourceTree = "<group>";
		};
/* End PBXVariantGroup section */

/* Begin XCBuildConfiguration section */
		1A2B7C7D1E3113B400A5E6CD /* Debug */ = {
			isa = XCBuildConfiguration;
			buildSettings = {
				ALWAYS_SEARCH_USER_PATHS = NO;
				CLANG_ANALYZER_NONNULL = YES;
				CLANG_CXX_LANGUAGE_STANDARD = "gnu++0x";
				CLANG_CXX_LIBRARY = "libc++";
				CLANG_ENABLE_MODULES = YES;
				CLANG_ENABLE_OBJC_ARC = YES;
				CLANG_WARN_BOOL_CONVERSION = YES;
				CLANG_WARN_CONSTANT_CONVERSION = YES;
				CLANG_WARN_DIRECT_OBJC_ISA_USAGE = YES_ERROR;
				CLANG_WARN_DOCUMENTATION_COMMENTS = YES;
				CLANG_WARN_EMPTY_BODY = YES;
				CLANG_WARN_ENUM_CONVERSION = YES;
				CLANG_WARN_INFINITE_RECURSION = YES;
				CLANG_WARN_INT_CONVERSION = YES;
				CLANG_WARN_OBJC_ROOT_CLASS = YES_ERROR;
				CLANG_WARN_SUSPICIOUS_MOVE = YES;
				CLANG_WARN_UNREACHABLE_CODE = YES;
				CLANG_WARN__DUPLICATE_METHOD_MATCH = YES;
				"CODE_SIGN_IDENTITY[sdk=iphoneos*]" = "iPhone Developer";
				COPY_PHASE_STRIP = NO;
				DEBUG_INFORMATION_FORMAT = dwarf;
				ENABLE_STRICT_OBJC_MSGSEND = YES;
				ENABLE_TESTABILITY = YES;
				GCC_C_LANGUAGE_STANDARD = gnu99;
				GCC_DYNAMIC_NO_PIC = NO;
				GCC_NO_COMMON_BLOCKS = YES;
				GCC_OPTIMIZATION_LEVEL = 0;
				GCC_PREPROCESSOR_DEFINITIONS = (
					"DEBUG=1",
					"$(inherited)",
				);
				GCC_WARN_64_TO_32_BIT_CONVERSION = YES;
				GCC_WARN_ABOUT_RETURN_TYPE = YES_ERROR;
				GCC_WARN_UNDECLARED_SELECTOR = YES;
				GCC_WARN_UNINITIALIZED_AUTOS = YES_AGGRESSIVE;
				GCC_WARN_UNUSED_FUNCTION = YES;
				GCC_WARN_UNUSED_VARIABLE = YES;
				IPHONEOS_DEPLOYMENT_TARGET = 10.2;
				MTL_ENABLE_DEBUG_INFO = YES;
				ONLY_ACTIVE_ARCH = YES;
				SDKROOT = iphoneos;
				SWIFT_ACTIVE_COMPILATION_CONDITIONS = DEBUG;
				SWIFT_OPTIMIZATION_LEVEL = "-Onone";
			};
			name = Debug;
		};
		1A2B7C7E1E3113B400A5E6CD /* Release */ = {
			isa = XCBuildConfiguration;
			buildSettings = {
				ALWAYS_SEARCH_USER_PATHS = NO;
				CLANG_ANALYZER_NONNULL = YES;
				CLANG_CXX_LANGUAGE_STANDARD = "gnu++0x";
				CLANG_CXX_LIBRARY = "libc++";
				CLANG_ENABLE_MODULES = YES;
				CLANG_ENABLE_OBJC_ARC = YES;
				CLANG_WARN_BOOL_CONVERSION = YES;
				CLANG_WARN_CONSTANT_CONVERSION = YES;
				CLANG_WARN_DIRECT_OBJC_ISA_USAGE = YES_ERROR;
				CLANG_WARN_DOCUMENTATION_COMMENTS = YES;
				CLANG_WARN_EMPTY_BODY = YES;
				CLANG_WARN_ENUM_CONVERSION = YES;
				CLANG_WARN_INFINITE_RECURSION = YES;
				CLANG_WARN_INT_CONVERSION = YES;
				CLANG_WARN_OBJC_ROOT_CLASS = YES_ERROR;
				CLANG_WARN_SUSPICIOUS_MOVE = YES;
				CLANG_WARN_UNREACHABLE_CODE = YES;
				CLANG_WARN__DUPLICATE_METHOD_MATCH = YES;
				"CODE_SIGN_IDENTITY[sdk=iphoneos*]" = "iPhone Developer";
				COPY_PHASE_STRIP = NO;
				DEBUG_INFORMATION_FORMAT = "dwarf-with-dsym";
				ENABLE_NS_ASSERTIONS = NO;
				ENABLE_STRICT_OBJC_MSGSEND = YES;
				GCC_C_LANGUAGE_STANDARD = gnu99;
				GCC_NO_COMMON_BLOCKS = YES;
				GCC_WARN_64_TO_32_BIT_CONVERSION = YES;
				GCC_WARN_ABOUT_RETURN_TYPE = YES_ERROR;
				GCC_WARN_UNDECLARED_SELECTOR = YES;
				GCC_WARN_UNINITIALIZED_AUTOS = YES_AGGRESSIVE;
				GCC_WARN_UNUSED_FUNCTION = YES;
				GCC_WARN_UNUSED_VARIABLE = YES;
				IPHONEOS_DEPLOYMENT_TARGET = 10.2;
				MTL_ENABLE_DEBUG_INFO = NO;
				SDKROOT = iphoneos;
				SWIFT_OPTIMIZATION_LEVEL = "-Owholemodule";
				VALIDATE_PRODUCT = YES;
			};
			name = Release;
		};
		1A2B7C801E3113B400A5E6CD /* Debug */ = {
			isa = XCBuildConfiguration;
			buildSettings = {
				ASSETCATALOG_COMPILER_APPICON_NAME = AppIcon;
				DEVELOPMENT_TEAM = 4N89WQUHNU;
				INFOPLIST_FILE = "Game of Life/Info.plist";
				LD_RUNPATH_SEARCH_PATHS = "$(inherited) @executable_path/Frameworks";
				PRODUCT_BUNDLE_IDENTIFIER = "loki.Game-of-Life";
				PRODUCT_NAME = "$(TARGET_NAME)";
				SWIFT_VERSION = 3.0;
			};
			name = Debug;
		};
		1A2B7C811E3113B400A5E6CD /* Release */ = {
			isa = XCBuildConfiguration;
			buildSettings = {
				ASSETCATALOG_COMPILER_APPICON_NAME = AppIcon;
				DEVELOPMENT_TEAM = 4N89WQUHNU;
				INFOPLIST_FILE = "Game of Life/Info.plist";
				LD_RUNPATH_SEARCH_PATHS = "$(inherited) @executable_path/Frameworks";
				PRODUCT_BUNDLE_IDENTIFIER = "loki.Game-of-Life";
				PRODUCT_NAME = "$(TARGET_NAME)";
				SWIFT_VERSION = 3.0;
			};
			name = Release;
		};
/* End XCBuildConfiguration section */

/* Begin XCConfigurationList section */
		1A2B7C681E3113B400A5E6CD /* Build configuration list for PBXProject "Game of Life" */ = {
			isa = XCConfigurationList;
			buildConfigurations = (
				1A2B7C7D1E3113B400A5E6CD /* Debug */,
				1A2B7C7E1E3113B400A5E6CD /* Release */,
			);
			defaultConfigurationIsVisible = 0;
			defaultConfigurationName = Release;
		};
		1A2B7C7F1E3113B400A5E6CD /* Build configuration list for PBXNativeTarget "Game of Life" */ = {
			isa = XCConfigurationList;
			buildConfigurations = (
				1A2B7C801E3113B400A5E6CD /* Debug */,
				1A2B7C811E3113B400A5E6CD /* Release */,
			);
			defaultConfigurationIsVisible = 0;
			defaultConfigurationName = Release;
		};
/* End XCConfigurationList section */
	};
	rootObject = 1A2B7C651E3113B400A5E6CD /* Project object */;
}
